
Microsoft Visual Studio Solution File, Format Version 12.00
# Visual Studio Version 16
VisualStudioVersion = 16.0.29709.97
MinimumVisualStudioVersion = 10.0.40219.1
Project("{9A19103F-16F7-4668-BE54-9A1E7A4F7556}") = "Music", "Music\Music.csproj", "{3EE1BF69-C87A-47A5-99CF-FE22C8F9BE66}"
EndProject
Project("{9A19103F-16F7-4668-BE54-9A1E7A4F7556}") = "BuissnesLayer", "BuissnesLayer\BuissnesLayer.csproj", "{650E3375-4801-4022-9CE7-4746F217F447}"
EndProject
Project("{9A19103F-16F7-4668-BE54-9A1E7A4F7556}") = "DataAccessLayer", "DataAccessLayer\DataAccessLayer.csproj", "{97B14A82-EA0A-4222-A4F0-A53AC89B53A3}"
EndProject
Global
	GlobalSection(SolutionConfigurationPlatforms) = preSolution
		Debug|Any CPU = Debug|Any CPU
		Release|Any CPU = Release|Any CPU
	EndGlobalSection
	GlobalSection(ProjectConfigurationPlatforms) = postSolution
		{3EE1BF69-C87A-47A5-99CF-FE22C8F9BE66}.Debug|Any CPU.ActiveCfg = Debug|Any CPU
		{3EE1BF69-C87A-47A5-99CF-FE22C8F9BE66}.Debug|Any CPU.Build.0 = Debug|Any CPU
		{3EE1BF69-C87A-47A5-99CF-FE22C8F9BE66}.Release|Any CPU.ActiveCfg = Release|Any CPU
		{3EE1BF69-C87A-47A5-99CF-FE22C8F9BE66}.Release|Any CPU.Build.0 = Release|Any CPU
		{650E3375-4801-4022-9CE7-4746F217F447}.Debug|Any CPU.ActiveCfg = Debug|Any CPU
		{650E3375-4801-4022-9CE7-4746F217F447}.Debug|Any CPU.Build.0 = Debug|Any CPU
		{650E3375-4801-4022-9CE7-4746F217F447}.Release|Any CPU.ActiveCfg = Release|Any CPU
		{650E3375-4801-4022-9CE7-4746F217F447}.Release|Any CPU.Build.0 = Release|Any CPU
		{97B14A82-EA0A-4222-A4F0-A53AC89B53A3}.Debug|Any CPU.ActiveCfg = Debug|Any CPU
		{97B14A82-EA0A-4222-A4F0-A53AC89B53A3}.Debug|Any CPU.Build.0 = Debug|Any CPU
		{97B14A82-EA0A-4222-A4F0-A53AC89B53A3}.Release|Any CPU.ActiveCfg = Release|Any CPU
		{97B14A82-EA0A-4222-A4F0-A53AC89B53A3}.Release|Any CPU.Build.0 = Release|Any CPU
	EndGlobalSection
	GlobalSection(SolutionProperties) = preSolution
		HideSolutionNode = FALSE
	EndGlobalSection
	GlobalSection(ExtensibilityGlobals) = postSolution
		SolutionGuid = {14AD5BD1-2BF5-4419-9814-C744735CBF59}
	EndGlobalSection
EndGlobal
